
Microsoft Visual Studio Solution File, Format Version 10.00
# Visual Studio 2008
Project("{FAE04EC0-301F-11D3-BF4B-00C04F79EFBC}") = "Grid mare si grid mic", "Grid mare si grid mic\Grid mare si grid mic.csproj", "{943964D6-4F26-4EFE-A6F7-0060ADE3C2F0}"
EndProject
Global
	GlobalSection(SolutionConfigurationPlatforms) = preSolution
		Debug|Any CPU = Debug|Any CPU
		Release|Any CPU = Release|Any CPU
	EndGlobalSection
	GlobalSection(ProjectConfigurationPlatforms) = postSolution
		{943964D6-4F26-4EFE-A6F7-0060ADE3C2F0}.Debug|Any CPU.ActiveCfg = Debug|Any CPU
		{943964D6-4F26-4EFE-A6F7-0060ADE3C2F0}.Debug|Any CPU.Build.0 = Debug|Any CPU
		{943964D6-4F26-4EFE-A6F7-0060ADE3C2F0}.Release|Any CPU.ActiveCfg = Release|Any CPU
		{943964D6-4F26-4EFE-A6F7-0060ADE3C2F0}.Release|Any CPU.Build.0 = Release|Any CPU
	EndGlobalSection
	GlobalSection(SolutionProperties) = preSolution
		HideSolutionNode = FALSE
	EndGlobalSection
EndGlobal
