
Microsoft Visual Studio Solution File, Format Version 10.00
# Visual Studio 2008
Project("{8BC9CEB8-8B4A-11D0-8D11-00A0C91BC942}") = "Inlocuieste patratele din tablou cu patratele lor", "Inlocuieste patratele din tablou cu patratele lor\Inlocuieste patratele din tablou cu patratele lor.vcproj", "{1699BF61-8FF2-4403-B29F-CA0AFAB373AF}"
EndProject
Global
	GlobalSection(SolutionConfigurationPlatforms) = preSolution
		Debug|Win32 = Debug|Win32
		Release|Win32 = Release|Win32
	EndGlobalSection
	GlobalSection(ProjectConfigurationPlatforms) = postSolution
		{1699BF61-8FF2-4403-B29F-CA0AFAB373AF}.Debug|Win32.ActiveCfg = Debug|Win32
		{1699BF61-8FF2-4403-B29F-CA0AFAB373AF}.Debug|Win32.Build.0 = Debug|Win32
		{1699BF61-8FF2-4403-B29F-CA0AFAB373AF}.Release|Win32.ActiveCfg = Release|Win32
		{1699BF61-8FF2-4403-B29F-CA0AFAB373AF}.Release|Win32.Build.0 = Release|Win32
	EndGlobalSection
	GlobalSection(SolutionProperties) = preSolution
		HideSolutionNode = FALSE
	EndGlobalSection
EndGlobal
